
Microsoft Visual Studio Solution File, Format Version 12.00
# Visual Studio Version 17
VisualStudioVersion = 17.2.32630.192
MinimumVisualStudioVersion = 10.0.40219.1
Project("{9A19103F-16F7-4668-BE54-9A1E7A4F7556}") = "SysML2.NET", "SysML2.NET\SysML2.NET.csproj", "{51685CCB-3C25-4616-8687-10A1A9BB4A66}"
EndProject
Project("{9A19103F-16F7-4668-BE54-9A1E7A4F7556}") = "SysML2.NET.CodeGenerator", "SysML2.NET.CodeGenerator\SysML2.NET.CodeGenerator.csproj", "{4526BF2D-49D6-459F-BEDA-C98F3024D9D7}"
EndProject
Project("{2150E333-8FDC-42A3-9474-1A3956D46DE8}") = "Solution Items", "Solution Items", "{ACF2E7D6-C673-420D-88DC-3D7D5D283AD6}"
	ProjectSection(SolutionItems) = preProject
		.editorconfig = .editorconfig
		.gitignore = .gitignore
		CODE_OF_CONDUCT.md = CODE_OF_CONDUCT.md
		coverlet.runsettings = coverlet.runsettings
		LICENSE = LICENSE
		NOTICE = NOTICE
		Nuget.Config = Nuget.Config
		README.md = README.md
		CITATION.cff = CITATION.cff
	EndProjectSection
EndProject
Project("{9A19103F-16F7-4668-BE54-9A1E7A4F7556}") = "SysML2.NET.CodeGenerator.Tests", "SysML2.NET.CodeGenerator.Tests\SysML2.NET.CodeGenerator.Tests.csproj", "{F7DCD458-E07C-42D5-8247-3A55202C90B6}"
EndProject
Project("{2150E333-8FDC-42A3-9474-1A3956D46DE8}") = "Workflows", "Workflows", "{90160DB2-B862-48C8-97E5-70AC1D3E1C8F}"
	ProjectSection(SolutionItems) = preProject
		.github\workflows\codeql-analysis.yml = .github\workflows\codeql-analysis.yml
		.github\workflows\CodeQuality.yml = .github\workflows\CodeQuality.yml
		.github\workflows\nuget-reference-check.yml = .github\workflows\nuget-reference-check.yml
		.github\workflows\release.yml = .github\workflows\release.yml
	EndProjectSection
EndProject
Project("{9A19103F-16F7-4668-BE54-9A1E7A4F7556}") = "SysML2.NET.Serializer.Json", "SysML2.NET.Serializer.Json\SysML2.NET.Serializer.Json.csproj", "{E7307EB9-F42E-46CC-96F4-D0FECAFFD429}"
EndProject
Project("{9A19103F-16F7-4668-BE54-9A1E7A4F7556}") = "SysML2.NET.Serializer.Json.Tests", "SysML2.NET.Serializer.Json.Tests\SysML2.NET.Serializer.Json.Tests.csproj", "{D4A2FAAA-65A4-4C2A-93CD-083B744C6706}"
EndProject
Project("{9A19103F-16F7-4668-BE54-9A1E7A4F7556}") = "SysML2.NET.Viewer", "SysML2.NET.Viewer\SysML2.NET.Viewer.csproj", "{D7F7BDD6-BD5D-4925-9FCF-7756BD77618D}"
EndProject
Project("{9A19103F-16F7-4668-BE54-9A1E7A4F7556}") = "SySML2.NET.REST", "SySML2.NET.REST\SySML2.NET.REST.csproj", "{66980370-108C-4883-AE6D-21972A75F774}"
EndProject
Project("{9A19103F-16F7-4668-BE54-9A1E7A4F7556}") = "SySML2.NET.REST.Tests", "SySML2.NET.REST.Tests\SySML2.NET.REST.Tests.csproj", "{B5E96BF8-C1B6-4C29-97FB-87557B94DE6C}"
EndProject
Project("{9A19103F-16F7-4668-BE54-9A1E7A4F7556}") = "SysML2.NET.Viewer.Tests", "SysML2.NET.Viewer.Tests\SysML2.NET.Viewer.Tests.csproj", "{2E1877CB-255F-49C9-A0F0-5DCB34FCD06A}"
EndProject
Project("{2150E333-8FDC-42A3-9474-1A3956D46DE8}") = "htmldocs", "htmldocs", "{3C4D5413-519A-406D-A9DB-7A63B4225DA4}"
	ProjectSection(SolutionItems) = preProject
		HtmlDocs\Dockerfile = HtmlDocs\Dockerfile
	EndProjectSection
EndProject
Project("{9A19103F-16F7-4668-BE54-9A1E7A4F7556}") = "SysML2.NET.Dal", "SysML2.NET.Dal\SysML2.NET.Dal.csproj", "{2E57385C-C63B-41B9-BA51-4B72070DFAF1}"
EndProject
Project("{9A19103F-16F7-4668-BE54-9A1E7A4F7556}") = "SysML2.NET.Dal.Tests", "SysML2.NET.Dal.Tests\SysML2.NET.Dal.Tests.csproj", "{6E0BBDEB-88F5-46AF-BF17-1A7D8B680A5A}"
EndProject
Project("{FAE04EC0-301F-11D3-BF4B-00C04F79EFBC}") = "SysML2.NET.Extensions", "SysML2.NET.Extensions\SysML2.NET.Extensions.csproj", "{3D15714B-3133-45F2-8C79-9BD4F5F05190}"
EndProject
Project("{FAE04EC0-301F-11D3-BF4B-00C04F79EFBC}") = "SysML2.NET.Extensions.Tests", "SysML2.NET.Extensions.Tests\SysML2.NET.Extensions.Tests.csproj", "{69D5C7A7-9C2E-415F-949C-BB5BF2F87989}"
EndProject
Project("{FAE04EC0-301F-11D3-BF4B-00C04F79EFBC}") = "SysML2.NET.Serializer.MessagePack", "SysML2.NET.Serializer.MessagePack\SysML2.NET.Serializer.MessagePack.csproj", "{6916010A-72C8-4BF5-8BE0-624CA0C02B07}"
EndProject
Project("{FAE04EC0-301F-11D3-BF4B-00C04F79EFBC}") = "SysML2.NET.Serializer.MessagePack.Tests", "SysML2.NET.Serializer.MessagePack.Tests\SysML2.NET.Serializer.MessagePack.Tests.csproj", "{A6909F7B-D348-4F91-8E78-85605F36A628}"
EndProject
Project("{FAE04EC0-301F-11D3-BF4B-00C04F79EFBC}") = "SysML2.NET.Serializer.Xmi", "SysML2.NET.Serializer.Xmi\SysML2.NET.Serializer.Xmi.csproj", "{6DF64C6F-B3B1-48B7-9C0D-9601A5BB69D5}"
EndProject
Project("{FAE04EC0-301F-11D3-BF4B-00C04F79EFBC}") = "SysML2.NET.Serializer.Xmi.Tests", "SysML2.NET.Serializer.Xmi.Tests\SysML2.NET.Serializer.Xmi.Tests.csproj", "{0E02F812-6B73-4CD9-A96F-54D7389873CF}"
EndProject
Project("{FAE04EC0-301F-11D3-BF4B-00C04F79EFBC}") = "SysML2.NET.Kpar", "SysML2.NET.Kpar\SysML2.NET.Kpar.csproj", "{D199B169-CEF0-4D6E-9CC5-83AB86EB809B}"
EndProject
Project("{FAE04EC0-301F-11D3-BF4B-00C04F79EFBC}") = "SysML2.NET.Kpar.Tests", "SysML2.NET.Kpar.Tests\SysML2.NET.Kpar.Tests.csproj", "{ACA8A0A2-EF4E-4F22-9164-07F6550F81F0}"
EndProject
Global
	GlobalSection(SolutionConfigurationPlatforms) = preSolution
		Debug|Any CPU = Debug|Any CPU
		Release|Any CPU = Release|Any CPU
	EndGlobalSection
	GlobalSection(ProjectConfigurationPlatforms) = postSolution
		{51685CCB-3C25-4616-8687-10A1A9BB4A66}.Debug|Any CPU.ActiveCfg = Debug|Any CPU
		{51685CCB-3C25-4616-8687-10A1A9BB4A66}.Debug|Any CPU.Build.0 = Debug|Any CPU
		{51685CCB-3C25-4616-8687-10A1A9BB4A66}.Release|Any CPU.ActiveCfg = Release|Any CPU
		{51685CCB-3C25-4616-8687-10A1A9BB4A66}.Release|Any CPU.Build.0 = Release|Any CPU
		{4526BF2D-49D6-459F-BEDA-C98F3024D9D7}.Debug|Any CPU.ActiveCfg = Debug|Any CPU
		{4526BF2D-49D6-459F-BEDA-C98F3024D9D7}.Debug|Any CPU.Build.0 = Debug|Any CPU
		{4526BF2D-49D6-459F-BEDA-C98F3024D9D7}.Release|Any CPU.ActiveCfg = Release|Any CPU
		{4526BF2D-49D6-459F-BEDA-C98F3024D9D7}.Release|Any CPU.Build.0 = Release|Any CPU
		{F7DCD458-E07C-42D5-8247-3A55202C90B6}.Debug|Any CPU.ActiveCfg = Debug|Any CPU
		{F7DCD458-E07C-42D5-8247-3A55202C90B6}.Debug|Any CPU.Build.0 = Debug|Any CPU
		{F7DCD458-E07C-42D5-8247-3A55202C90B6}.Release|Any CPU.ActiveCfg = Release|Any CPU
		{F7DCD458-E07C-42D5-8247-3A55202C90B6}.Release|Any CPU.Build.0 = Release|Any CPU
		{E7307EB9-F42E-46CC-96F4-D0FECAFFD429}.Debug|Any CPU.ActiveCfg = Debug|Any CPU
		{E7307EB9-F42E-46CC-96F4-D0FECAFFD429}.Debug|Any CPU.Build.0 = Debug|Any CPU
		{E7307EB9-F42E-46CC-96F4-D0FECAFFD429}.Release|Any CPU.ActiveCfg = Release|Any CPU
		{E7307EB9-F42E-46CC-96F4-D0FECAFFD429}.Release|Any CPU.Build.0 = Release|Any CPU
		{D4A2FAAA-65A4-4C2A-93CD-083B744C6706}.Debug|Any CPU.ActiveCfg = Debug|Any CPU
		{D4A2FAAA-65A4-4C2A-93CD-083B744C6706}.Debug|Any CPU.Build.0 = Debug|Any CPU
		{D4A2FAAA-65A4-4C2A-93CD-083B744C6706}.Release|Any CPU.ActiveCfg = Release|Any CPU
		{D4A2FAAA-65A4-4C2A-93CD-083B744C6706}.Release|Any CPU.Build.0 = Release|Any CPU
		{D7F7BDD6-BD5D-4925-9FCF-7756BD77618D}.Debug|Any CPU.ActiveCfg = Debug|Any CPU
		{D7F7BDD6-BD5D-4925-9FCF-7756BD77618D}.Debug|Any CPU.Build.0 = Debug|Any CPU
		{D7F7BDD6-BD5D-4925-9FCF-7756BD77618D}.Release|Any CPU.ActiveCfg = Release|Any CPU
		{D7F7BDD6-BD5D-4925-9FCF-7756BD77618D}.Release|Any CPU.Build.0 = Release|Any CPU
		{66980370-108C-4883-AE6D-21972A75F774}.Debug|Any CPU.ActiveCfg = Debug|Any CPU
		{66980370-108C-4883-AE6D-21972A75F774}.Debug|Any CPU.Build.0 = Debug|Any CPU
		{66980370-108C-4883-AE6D-21972A75F774}.Release|Any CPU.ActiveCfg = Release|Any CPU
		{66980370-108C-4883-AE6D-21972A75F774}.Release|Any CPU.Build.0 = Release|Any CPU
		{B5E96BF8-C1B6-4C29-97FB-87557B94DE6C}.Debug|Any CPU.ActiveCfg = Debug|Any CPU
		{B5E96BF8-C1B6-4C29-97FB-87557B94DE6C}.Debug|Any CPU.Build.0 = Debug|Any CPU
		{B5E96BF8-C1B6-4C29-97FB-87557B94DE6C}.Release|Any CPU.ActiveCfg = Release|Any CPU
		{B5E96BF8-C1B6-4C29-97FB-87557B94DE6C}.Release|Any CPU.Build.0 = Release|Any CPU
		{2E1877CB-255F-49C9-A0F0-5DCB34FCD06A}.Debug|Any CPU.ActiveCfg = Debug|Any CPU
		{2E1877CB-255F-49C9-A0F0-5DCB34FCD06A}.Debug|Any CPU.Build.0 = Debug|Any CPU
		{2E1877CB-255F-49C9-A0F0-5DCB34FCD06A}.Release|Any CPU.ActiveCfg = Release|Any CPU
		{2E1877CB-255F-49C9-A0F0-5DCB34FCD06A}.Release|Any CPU.Build.0 = Release|Any CPU
		{2E57385C-C63B-41B9-BA51-4B72070DFAF1}.Debug|Any CPU.ActiveCfg = Debug|Any CPU
		{2E57385C-C63B-41B9-BA51-4B72070DFAF1}.Debug|Any CPU.Build.0 = Debug|Any CPU
		{2E57385C-C63B-41B9-BA51-4B72070DFAF1}.Release|Any CPU.ActiveCfg = Release|Any CPU
		{2E57385C-C63B-41B9-BA51-4B72070DFAF1}.Release|Any CPU.Build.0 = Release|Any CPU
		{6E0BBDEB-88F5-46AF-BF17-1A7D8B680A5A}.Debug|Any CPU.ActiveCfg = Debug|Any CPU
		{6E0BBDEB-88F5-46AF-BF17-1A7D8B680A5A}.Debug|Any CPU.Build.0 = Debug|Any CPU
		{6E0BBDEB-88F5-46AF-BF17-1A7D8B680A5A}.Release|Any CPU.ActiveCfg = Release|Any CPU
		{6E0BBDEB-88F5-46AF-BF17-1A7D8B680A5A}.Release|Any CPU.Build.0 = Release|Any CPU
		{3D15714B-3133-45F2-8C79-9BD4F5F05190}.Debug|Any CPU.ActiveCfg = Debug|Any CPU
		{3D15714B-3133-45F2-8C79-9BD4F5F05190}.Debug|Any CPU.Build.0 = Debug|Any CPU
		{3D15714B-3133-45F2-8C79-9BD4F5F05190}.Release|Any CPU.ActiveCfg = Release|Any CPU
		{3D15714B-3133-45F2-8C79-9BD4F5F05190}.Release|Any CPU.Build.0 = Release|Any CPU
		{69D5C7A7-9C2E-415F-949C-BB5BF2F87989}.Debug|Any CPU.ActiveCfg = Debug|Any CPU
		{69D5C7A7-9C2E-415F-949C-BB5BF2F87989}.Debug|Any CPU.Build.0 = Debug|Any CPU
		{69D5C7A7-9C2E-415F-949C-BB5BF2F87989}.Release|Any CPU.ActiveCfg = Release|Any CPU
		{69D5C7A7-9C2E-415F-949C-BB5BF2F87989}.Release|Any CPU.Build.0 = Release|Any CPU
		{6916010A-72C8-4BF5-8BE0-624CA0C02B07}.Debug|Any CPU.ActiveCfg = Debug|Any CPU
		{6916010A-72C8-4BF5-8BE0-624CA0C02B07}.Debug|Any CPU.Build.0 = Debug|Any CPU
		{6916010A-72C8-4BF5-8BE0-624CA0C02B07}.Release|Any CPU.ActiveCfg = Release|Any CPU
		{6916010A-72C8-4BF5-8BE0-624CA0C02B07}.Release|Any CPU.Build.0 = Release|Any CPU
		{A6909F7B-D348-4F91-8E78-85605F36A628}.Debug|Any CPU.ActiveCfg = Debug|Any CPU
		{A6909F7B-D348-4F91-8E78-85605F36A628}.Debug|Any CPU.Build.0 = Debug|Any CPU
		{A6909F7B-D348-4F91-8E78-85605F36A628}.Release|Any CPU.ActiveCfg = Release|Any CPU
		{A6909F7B-D348-4F91-8E78-85605F36A628}.Release|Any CPU.Build.0 = Release|Any CPU
		{6DF64C6F-B3B1-48B7-9C0D-9601A5BB69D5}.Debug|Any CPU.ActiveCfg = Debug|Any CPU
		{6DF64C6F-B3B1-48B7-9C0D-9601A5BB69D5}.Debug|Any CPU.Build.0 = Debug|Any CPU
		{6DF64C6F-B3B1-48B7-9C0D-9601A5BB69D5}.Release|Any CPU.ActiveCfg = Release|Any CPU
		{6DF64C6F-B3B1-48B7-9C0D-9601A5BB69D5}.Release|Any CPU.Build.0 = Release|Any CPU
		{0E02F812-6B73-4CD9-A96F-54D7389873CF}.Debug|Any CPU.ActiveCfg = Debug|Any CPU
		{0E02F812-6B73-4CD9-A96F-54D7389873CF}.Debug|Any CPU.Build.0 = Debug|Any CPU
		{0E02F812-6B73-4CD9-A96F-54D7389873CF}.Release|Any CPU.ActiveCfg = Release|Any CPU
		{0E02F812-6B73-4CD9-A96F-54D7389873CF}.Release|Any CPU.Build.0 = Release|Any CPU
		{D199B169-CEF0-4D6E-9CC5-83AB86EB809B}.Debug|Any CPU.ActiveCfg = Debug|Any CPU
		{D199B169-CEF0-4D6E-9CC5-83AB86EB809B}.Debug|Any CPU.Build.0 = Debug|Any CPU
		{D199B169-CEF0-4D6E-9CC5-83AB86EB809B}.Release|Any CPU.ActiveCfg = Release|Any CPU
		{D199B169-CEF0-4D6E-9CC5-83AB86EB809B}.Release|Any CPU.Build.0 = Release|Any CPU
		{ACA8A0A2-EF4E-4F22-9164-07F6550F81F0}.Debug|Any CPU.ActiveCfg = Debug|Any CPU
		{ACA8A0A2-EF4E-4F22-9164-07F6550F81F0}.Debug|Any CPU.Build.0 = Debug|Any CPU
		{ACA8A0A2-EF4E-4F22-9164-07F6550F81F0}.Release|Any CPU.ActiveCfg = Release|Any CPU
		{ACA8A0A2-EF4E-4F22-9164-07F6550F81F0}.Release|Any CPU.Build.0 = Release|Any CPU
	EndGlobalSection
	GlobalSection(SolutionProperties) = preSolution
		HideSolutionNode = FALSE
	EndGlobalSection
	GlobalSection(NestedProjects) = preSolution
		{90160DB2-B862-48C8-97E5-70AC1D3E1C8F} = {ACF2E7D6-C673-420D-88DC-3D7D5D283AD6}
		{3C4D5413-519A-406D-A9DB-7A63B4225DA4} = {ACF2E7D6-C673-420D-88DC-3D7D5D283AD6}
	EndGlobalSection
	GlobalSection(ExtensibilityGlobals) = postSolution
		SolutionGuid = {B9CA2605-BCA9-4E01-99D9-992F3267DA9E}
	EndGlobalSection
EndGlobal
